// !$*UTF8*$!
{
	archiveVersion = 1;
	classes = {
	};
	objectVersion = 48;
	objects = {

/* Begin PBXBuildFile section */
		21D0B6BB862100532E46D042 /* Pods_demoAppUITests.framework in Frameworks */ = {isa = PBXBuildFile; fileRef = 751103634144EE5B87C714D4 /* Pods_demoAppUITests.framework */; };
		3739B0866B4F71FB0D3A75B7 /* Pods_demoAppTests.framework in Frameworks */ = {isa = PBXBuildFile; fileRef = 4AD26D03F82DB2DEAE176B1E /* Pods_demoAppTests.framework */; };
		3907EA4F12838AF63626692F /* Pods_demoApp.framework in Frameworks */ = {isa = PBXBuildFile; fileRef = D1FE04C7C7DDCEA60B577F84 /* Pods_demoApp.framework */; };
		ED3173521FF54666005F105E /* AppDelegate.swift in Sources */ = {isa = PBXBuildFile; fileRef = ED3173511FF54666005F105E /* AppDelegate.swift */; };
		ED3173541FF54666005F105E /* ViewController.swift in Sources */ = {isa = PBXBuildFile; fileRef = ED3173531FF54666005F105E /* ViewController.swift */; };
		ED3173571FF54666005F105E /* Main.storyboard in Resources */ = {isa = PBXBuildFile; fileRef = ED3173551FF54666005F105E /* Main.storyboard */; };
		ED3173591FF54666005F105E /* Assets.xcassets in Resources */ = {isa = PBXBuildFile; fileRef = ED3173581FF54666005F105E /* Assets.xcassets */; };
		ED31735C1FF54666005F105E /* LaunchScreen.storyboard in Resources */ = {isa = PBXBuildFile; fileRef = ED31735A1FF54666005F105E /* LaunchScreen.storyboard */; };
		ED3173671FF54666005F105E /* demoAppTests.swift in Sources */ = {isa = PBXBuildFile; fileRef = ED3173661FF54666005F105E /* demoAppTests.swift */; };
		ED3173721FF54666005F105E /* demoAppUITests.swift in Sources */ = {isa = PBXBuildFile; fileRef = ED3173711FF54666005F105E /* demoAppUITests.swift */; };
/* End PBXBuildFile section */

/* Begin PBXContainerItemProxy section */
		ED3173631FF54666005F105E /* PBXContainerItemProxy */ = {
			isa = PBXContainerItemProxy;
			containerPortal = ED3173461FF54666005F105E /* Project object */;
			proxyType = 1;
			remoteGlobalIDString = ED31734D1FF54666005F105E;
			remoteInfo = demoApp;
		};
		ED31736E1FF54666005F105E /* PBXContainerItemProxy */ = {
			isa = PBXContainerItemProxy;
			containerPortal = ED3173461FF54666005F105E /* Project object */;
			proxyType = 1;
			remoteGlobalIDString = ED31734D1FF54666005F105E;
			remoteInfo = demoApp;
		};
/* End PBXContainerItemProxy section */

/* Begin PBXFileReference section */
		3CDEC3B2054B16D2A3B403F6 /* Pods-demoAppUITests.release.xcconfig */ = {isa = PBXFileReference; includeInIndex = 1; lastKnownFileType = text.xcconfig; name = "Pods-demoAppUITests.release.xcconfig"; path = "Pods/Target Support Files/Pods-demoAppUITests/Pods-demoAppUITests.release.xcconfig"; sourceTree = "<group>"; };
		4AD26D03F82DB2DEAE176B1E /* Pods_demoAppTests.framework */ = {isa = PBXFileReference; explicitFileType = wrapper.framework; includeInIndex = 0; path = Pods_demoAppTests.framework; sourceTree = BUILT_PRODUCTS_DIR; };
		5CB737B5DC57B0AEBD10A9B6 /* Pods-demoAppTests.release.xcconfig */ = {isa = PBXFileReference; includeInIndex = 1; lastKnownFileType = text.xcconfig; name = "Pods-demoAppTests.release.xcconfig"; path = "Pods/Target Support Files/Pods-demoAppTests/Pods-demoAppTests.release.xcconfig"; sourceTree = "<group>"; };
		751103634144EE5B87C714D4 /* Pods_demoAppUITests.framework */ = {isa = PBXFileReference; explicitFileType = wrapper.framework; includeInIndex = 0; path = Pods_demoAppUITests.framework; sourceTree = BUILT_PRODUCTS_DIR; };
		852C31D8356DE46258F6BB0B /* Pods-demoAppTests.debug.xcconfig */ = {isa = PBXFileReference; includeInIndex = 1; lastKnownFileType = text.xcconfig; name = "Pods-demoAppTests.debug.xcconfig"; path = "Pods/Target Support Files/Pods-demoAppTests/Pods-demoAppTests.debug.xcconfig"; sourceTree = "<group>"; };
		8ACF0C133A3B11CBE8E30B76 /* Pods-demoAppUITests.debug.xcconfig */ = {isa = PBXFileReference; includeInIndex = 1; lastKnownFileType = text.xcconfig; name = "Pods-demoAppUITests.debug.xcconfig"; path = "Pods/Target Support Files/Pods-demoAppUITests/Pods-demoAppUITests.debug.xcconfig"; sourceTree = "<group>"; };
		8C91A72FAC65374F517D4EFC /* Pods-demoApp.debug.xcconfig */ = {isa = PBXFileReference; includeInIndex = 1; lastKnownFileType = text.xcconfig; name = "Pods-demoApp.debug.xcconfig"; path = "Pods/Target Support Files/Pods-demoApp/Pods-demoApp.debug.xcconfig"; sourceTree = "<group>"; };
		D1FE04C7C7DDCEA60B577F84 /* Pods_demoApp.framework */ = {isa = PBXFileReference; explicitFileType = wrapper.framework; includeInIndex = 0; path = Pods_demoApp.framework; sourceTree = BUILT_PRODUCTS_DIR; };
		ED31734E1FF54666005F105E /* demoApp.app */ = {isa = PBXFileReference; explicitFileType = wrapper.application; includeInIndex = 0; path = demoApp.app; sourceTree = BUILT_PRODUCTS_DIR; };
		ED3173511FF54666005F105E /* AppDelegate.swift */ = {isa = PBXFileReference; lastKnownFileType = sourcecode.swift; path = AppDelegate.swift; sourceTree = "<group>"; };
		ED3173531FF54666005F105E /* ViewController.swift */ = {isa = PBXFileReference; lastKnownFileType = sourcecode.swift; path = ViewController.swift; sourceTree = "<group>"; };
		ED3173561FF54666005F105E /* Base */ = {isa = PBXFileReference; lastKnownFileType = file.storyboard; name = Base; path = Base.lproj/Main.storyboard; sourceTree = "<group>"; };
		ED3173581FF54666005F105E /* Assets.xcassets */ = {isa = PBXFileReference; lastKnownFileType = folder.assetcatalog; path = Assets.xcassets; sourceTree = "<group>"; };
		ED31735B1FF54666005F105E /* Base */ = {isa = PBXFileReference; lastKnownFileType = file.storyboard; name = Base; path = Base.lproj/LaunchScreen.storyboard; sourceTree = "<group>"; };
		ED31735D1FF54666005F105E /* Info.plist */ = {isa = PBXFileReference; lastKnownFileType = text.plist.xml; path = Info.plist; sourceTree = "<group>"; };
		ED3173621FF54666005F105E /* demoAppTests.xctest */ = {isa = PBXFileReference; explicitFileType = wrapper.cfbundle; includeInIndex = 0; path = demoAppTests.xctest; sourceTree = BUILT_PRODUCTS_DIR; };
		ED3173661FF54666005F105E /* demoAppTests.swift */ = {isa = PBXFileReference; lastKnownFileType = sourcecode.swift; path = demoAppTests.swift; sourceTree = "<group>"; };
		ED3173681FF54666005F105E /* Info.plist */ = {isa = PBXFileReference; lastKnownFileType = text.plist.xml; path = Info.plist; sourceTree = "<group>"; };
		ED31736D1FF54666005F105E /* demoAppUITests.xctest */ = {isa = PBXFileReference; explicitFileType = wrapper.cfbundle; includeInIndex = 0; path = demoAppUITests.xctest; sourceTree = BUILT_PRODUCTS_DIR; };
		ED3173711FF54666005F105E /* demoAppUITests.swift */ = {isa = PBXFileReference; lastKnownFileType = sourcecode.swift; path = demoAppUITests.swift; sourceTree = "<group>"; };
		ED3173731FF54666005F105E /* Info.plist */ = {isa = PBXFileReference; lastKnownFileType = text.plist.xml; path = Info.plist; sourceTree = "<group>"; };
		F577969314E0824864B8598E /* Pods-demoApp.release.xcconfig */ = {isa = PBXFileReference; includeInIndex = 1; lastKnownFileType = text.xcconfig; name = "Pods-demoApp.release.xcconfig"; path = "Pods/Target Support Files/Pods-demoApp/Pods-demoApp.release.xcconfig"; sourceTree = "<group>"; };
/* End PBXFileReference section */

/* Begin PBXFrameworksBuildPhase section */
		ED31734B1FF54666005F105E /* Frameworks */ = {
			isa = PBXFrameworksBuildPhase;
			buildActionMask = 2147483647;
			files = (
				3907EA4F12838AF63626692F /* Pods_demoApp.framework in Frameworks */,
			);
			runOnlyForDeploymentPostprocessing = 0;
		};
		ED31735F1FF54666005F105E /* Frameworks */ = {
			isa = PBXFrameworksBuildPhase;
			buildActionMask = 2147483647;
			files = (
				3739B0866B4F71FB0D3A75B7 /* Pods_demoAppTests.framework in Frameworks */,
			);
			runOnlyForDeploymentPostprocessing = 0;
		};
		ED31736A1FF54666005F105E /* Frameworks */ = {
			isa = PBXFrameworksBuildPhase;
			buildActionMask = 2147483647;
			files = (
				21D0B6BB862100532E46D042 /* Pods_demoAppUITests.framework in Frameworks */,
			);
			runOnlyForDeploymentPostprocessing = 0;
		};
/* End PBXFrameworksBuildPhase section */

/* Begin PBXGroup section */
		75D7FAC4C1A5702C7C8A0DFE /* Frameworks */ = {
			isa = PBXGroup;
			children = (
				D1FE04C7C7DDCEA60B577F84 /* Pods_demoApp.framework */,
				4AD26D03F82DB2DEAE176B1E /* Pods_demoAppTests.framework */,
				751103634144EE5B87C714D4 /* Pods_demoAppUITests.framework */,
			);
			name = Frameworks;
			sourceTree = "<group>";
		};
		9D7E2C73F1B9999A9E0BFD84 /* Pods */ = {
			isa = PBXGroup;
			children = (
				8C91A72FAC65374F517D4EFC /* Pods-demoApp.debug.xcconfig */,
				F577969314E0824864B8598E /* Pods-demoApp.release.xcconfig */,
				852C31D8356DE46258F6BB0B /* Pods-demoAppTests.debug.xcconfig */,
				5CB737B5DC57B0AEBD10A9B6 /* Pods-demoAppTests.release.xcconfig */,
				8ACF0C133A3B11CBE8E30B76 /* Pods-demoAppUITests.debug.xcconfig */,
				3CDEC3B2054B16D2A3B403F6 /* Pods-demoAppUITests.release.xcconfig */,
			);
			name = Pods;
			sourceTree = "<group>";
		};
		ED3173451FF54666005F105E = {
			isa = PBXGroup;
			children = (
				ED3173501FF54666005F105E /* demoApp */,
				ED3173651FF54666005F105E /* demoAppTests */,
				ED3173701FF54666005F105E /* demoAppUITests */,
				ED31734F1FF54666005F105E /* Products */,
				9D7E2C73F1B9999A9E0BFD84 /* Pods */,
				75D7FAC4C1A5702C7C8A0DFE /* Frameworks */,
			);
			sourceTree = "<group>";
		};
		ED31734F1FF54666005F105E /* Products */ = {
			isa = PBXGroup;
			children = (
				ED31734E1FF54666005F105E /* demoApp.app */,
				ED3173621FF54666005F105E /* demoAppTests.xctest */,
				ED31736D1FF54666005F105E /* demoAppUITests.xctest */,
			);
			name = Products;
			sourceTree = "<group>";
		};
		ED3173501FF54666005F105E /* demoApp */ = {
			isa = PBXGroup;
			children = (
				ED3173511FF54666005F105E /* AppDelegate.swift */,
				ED3173531FF54666005F105E /* ViewController.swift */,
				ED3173551FF54666005F105E /* Main.storyboard */,
				ED3173581FF54666005F105E /* Assets.xcassets */,
				ED31735A1FF54666005F105E /* LaunchScreen.storyboard */,
				ED31735D1FF54666005F105E /* Info.plist */,
			);
			path = demoApp;
			sourceTree = "<group>";
		};
		ED3173651FF54666005F105E /* demoAppTests */ = {
			isa = PBXGroup;
			children = (
				ED3173661FF54666005F105E /* demoAppTests.swift */,
				ED3173681FF54666005F105E /* Info.plist */,
			);
			path = demoAppTests;
			sourceTree = "<group>";
		};
		ED3173701FF54666005F105E /* demoAppUITests */ = {
			isa = PBXGroup;
			children = (
				ED3173711FF54666005F105E /* demoAppUITests.swift */,
				ED3173731FF54666005F105E /* Info.plist */,
			);
			path = demoAppUITests;
			sourceTree = "<group>";
		};
/* End PBXGroup section */

/* Begin PBXNativeTarget section */
		ED31734D1FF54666005F105E /* demoApp */ = {
			isa = PBXNativeTarget;
			buildConfigurationList = ED3173761FF54666005F105E /* Build configuration list for PBXNativeTarget "demoApp" */;
			buildPhases = (
				D8B920F2F04D233B2E385E9F /* [CP] Check Pods Manifest.lock */,
				ED31734A1FF54666005F105E /* Sources */,
				ED31734B1FF54666005F105E /* Frameworks */,
				ED31734C1FF54666005F105E /* Resources */,
				DA540540512933CE1730F687 /* [CP] Embed Pods Frameworks */,
				42F290D7ACBF65F703658260 /* [CP] Copy Pods Resources */,
			);
			buildRules = (
			);
			dependencies = (
			);
			name = demoApp;
			productName = demoApp;
			productReference = ED31734E1FF54666005F105E /* demoApp.app */;
			productType = "com.apple.product-type.application";
		};
		ED3173611FF54666005F105E /* demoAppTests */ = {
			isa = PBXNativeTarget;
			buildConfigurationList = ED3173791FF54666005F105E /* Build configuration list for PBXNativeTarget "demoAppTests" */;
			buildPhases = (
				14AF12FD9CFBC99540FD46E4 /* [CP] Check Pods Manifest.lock */,
				ED31735E1FF54666005F105E /* Sources */,
				ED31735F1FF54666005F105E /* Frameworks */,
				ED3173601FF54666005F105E /* Resources */,
				2041C2838A345E484D3FBF1E /* [CP] Embed Pods Frameworks */,
				1465CA8134E22245EC2F10EF /* [CP] Copy Pods Resources */,
			);
			buildRules = (
			);
			dependencies = (
				ED3173641FF54666005F105E /* PBXTargetDependency */,
			);
			name = demoAppTests;
			productName = demoAppTests;
			productReference = ED3173621FF54666005F105E /* demoAppTests.xctest */;
			productType = "com.apple.product-type.bundle.unit-test";
		};
		ED31736C1FF54666005F105E /* demoAppUITests */ = {
			isa = PBXNativeTarget;
			buildConfigurationList = ED31737C1FF54666005F105E /* Build configuration list for PBXNativeTarget "demoAppUITests" */;
			buildPhases = (
				ABA7E0C3E53E98BB6BB14E19 /* [CP] Check Pods Manifest.lock */,
				ED3173691FF54666005F105E /* Sources */,
				ED31736A1FF54666005F105E /* Frameworks */,
				ED31736B1FF54666005F105E /* Resources */,
				790828A66183EA4C6E8794E7 /* [CP] Embed Pods Frameworks */,
				0283B32A51CA804E368E31FB /* [CP] Copy Pods Resources */,
			);
			buildRules = (
			);
			dependencies = (
				ED31736F1FF54666005F105E /* PBXTargetDependency */,
			);
			name = demoAppUITests;
			productName = demoAppUITests;
			productReference = ED31736D1FF54666005F105E /* demoAppUITests.xctest */;
			productType = "com.apple.product-type.bundle.ui-testing";
		};
/* End PBXNativeTarget section */

/* Begin PBXProject section */
		ED3173461FF54666005F105E /* Project object */ = {
			isa = PBXProject;
			attributes = {
				LastSwiftUpdateCheck = 0900;
				LastUpgradeCheck = 0900;
				ORGANIZATIONNAME = tuannv;
				TargetAttributes = {
					ED31734D1FF54666005F105E = {
						CreatedOnToolsVersion = 9.0;
						ProvisioningStyle = Automatic;
					};
					ED3173611FF54666005F105E = {
						CreatedOnToolsVersion = 9.0;
						ProvisioningStyle = Automatic;
						TestTargetID = ED31734D1FF54666005F105E;
					};
					ED31736C1FF54666005F105E = {
						CreatedOnToolsVersion = 9.0;
						ProvisioningStyle = Automatic;
						TestTargetID = ED31734D1FF54666005F105E;
					};
				};
			};
			buildConfigurationList = ED3173491FF54666005F105E /* Build configuration list for PBXProject "demoApp" */;
			compatibilityVersion = "Xcode 8.0";
			developmentRegion = en;
			hasScannedForEncodings = 0;
			knownRegions = (
				en,
				Base,
			);
			mainGroup = ED3173451FF54666005F105E;
			productRefGroup = ED31734F1FF54666005F105E /* Products */;
			projectDirPath = "";
			projectRoot = "";
			targets = (
				ED31734D1FF54666005F105E /* demoApp */,
				ED3173611FF54666005F105E /* demoAppTests */,
				ED31736C1FF54666005F105E /* demoAppUITests */,
			);
		};
/* End PBXProject section */

/* Begin PBXResourcesBuildPhase section */
		ED31734C1FF54666005F105E /* Resources */ = {
			isa = PBXResourcesBuildPhase;
			buildActionMask = 2147483647;
			files = (
				ED31735C1FF54666005F105E /* LaunchScreen.storyboard in Resources */,
				ED3173591FF54666005F105E /* Assets.xcassets in Resources */,
				ED3173571FF54666005F105E /* Main.storyboard in Resources */,
			);
			runOnlyForDeploymentPostprocessing = 0;
		};
		ED3173601FF54666005F105E /* Resources */ = {
			isa = PBXResourcesBuildPhase;
			buildActionMask = 2147483647;
			files = (
			);
			runOnlyForDeploymentPostprocessing = 0;
		};
		ED31736B1FF54666005F105E /* Resources */ = {
			isa = PBXResourcesBuildPhase;
			buildActionMask = 2147483647;
			files = (
			);
			runOnlyForDeploymentPostprocessing = 0;
		};
/* End PBXResourcesBuildPhase section */

/* Begin PBXShellScriptBuildPhase section */
		0283B32A51CA804E368E31FB /* [CP] Copy Pods Resources */ = {
			isa = PBXShellScriptBuildPhase;
			buildActionMask = 2147483647;
			files = (
			);
			inputPaths = (
			);
			name = "[CP] Copy Pods Resources";
			outputPaths = (
			);
			runOnlyForDeploymentPostprocessing = 0;
			shellPath = /bin/sh;
			shellScript = "\"${SRCROOT}/Pods/Target Support Files/Pods-demoAppUITests/Pods-demoAppUITests-resources.sh\"\n";
			showEnvVarsInLog = 0;
		};
		1465CA8134E22245EC2F10EF /* [CP] Copy Pods Resources */ = {
			isa = PBXShellScriptBuildPhase;
			buildActionMask = 2147483647;
			files = (
			);
			inputPaths = (
			);
			name = "[CP] Copy Pods Resources";
			outputPaths = (
			);
			runOnlyForDeploymentPostprocessing = 0;
			shellPath = /bin/sh;
			shellScript = "\"${SRCROOT}/Pods/Target Support Files/Pods-demoAppTests/Pods-demoAppTests-resources.sh\"\n";
			showEnvVarsInLog = 0;
		};
		14AF12FD9CFBC99540FD46E4 /* [CP] Check Pods Manifest.lock */ = {
			isa = PBXShellScriptBuildPhase;
			buildActionMask = 2147483647;
			files = (
			);
			inputPaths = (
			);
			name = "[CP] Check Pods Manifest.lock";
			outputPaths = (
			);
			runOnlyForDeploymentPostprocessing = 0;
			shellPath = /bin/sh;
			shellScript = "diff \"${PODS_PODFILE_DIR_PATH}/Podfile.lock\" \"${PODS_ROOT}/Manifest.lock\" > /dev/null\nif [ $? != 0 ] ; then\n    # print error to STDERR\n    echo \"error: The sandbox is not in sync with the Podfile.lock. Run 'pod install' or update your CocoaPods installation.\" >&2\n    exit 1\nfi\n";
			showEnvVarsInLog = 0;
		};
		2041C2838A345E484D3FBF1E /* [CP] Embed Pods Frameworks */ = {
			isa = PBXShellScriptBuildPhase;
			buildActionMask = 2147483647;
			files = (
			);
			inputPaths = (
			);
			name = "[CP] Embed Pods Frameworks";
			outputPaths = (
			);
			runOnlyForDeploymentPostprocessing = 0;
			shellPath = /bin/sh;
			shellScript = "\"${SRCROOT}/Pods/Target Support Files/Pods-demoAppTests/Pods-demoAppTests-frameworks.sh\"\n";
			showEnvVarsInLog = 0;
		};
		42F290D7ACBF65F703658260 /* [CP] Copy Pods Resources */ = {
			isa = PBXShellScriptBuildPhase;
			buildActionMask = 2147483647;
			files = (
			);
			inputPaths = (
			);
			name = "[CP] Copy Pods Resources";
			outputPaths = (
			);
			runOnlyForDeploymentPostprocessing = 0;
			shellPath = /bin/sh;
			shellScript = "\"${SRCROOT}/Pods/Target Support Files/Pods-demoApp/Pods-demoApp-resources.sh\"\n";
			showEnvVarsInLog = 0;
		};
		790828A66183EA4C6E8794E7 /* [CP] Embed Pods Frameworks */ = {
			isa = PBXShellScriptBuildPhase;
			buildActionMask = 2147483647;
			files = (
			);
			inputPaths = (
			);
			name = "[CP] Embed Pods Frameworks";
			outputPaths = (
			);
			runOnlyForDeploymentPostprocessing = 0;
			shellPath = /bin/sh;
			shellScript = "\"${SRCROOT}/Pods/Target Support Files/Pods-demoAppUITests/Pods-demoAppUITests-frameworks.sh\"\n";
			showEnvVarsInLog = 0;
		};
		ABA7E0C3E53E98BB6BB14E19 /* [CP] Check Pods Manifest.lock */ = {
			isa = PBXShellScriptBuildPhase;
			buildActionMask = 2147483647;
			files = (
			);
			inputPaths = (
			);
			name = "[CP] Check Pods Manifest.lock";
			outputPaths = (
			);
			runOnlyForDeploymentPostprocessing = 0;
			shellPath = /bin/sh;
			shellScript = "diff \"${PODS_PODFILE_DIR_PATH}/Podfile.lock\" \"${PODS_ROOT}/Manifest.lock\" > /dev/null\nif [ $? != 0 ] ; then\n    # print error to STDERR\n    echo \"error: The sandbox is not in sync with the Podfile.lock. Run 'pod install' or update your CocoaPods installation.\" >&2\n    exit 1\nfi\n";
			showEnvVarsInLog = 0;
		};
		D8B920F2F04D233B2E385E9F /* [CP] Check Pods Manifest.lock */ = {
			isa = PBXShellScriptBuildPhase;
			buildActionMask = 2147483647;
			files = (
			);
			inputPaths = (
			);
			name = "[CP] Check Pods Manifest.lock";
			outputPaths = (
			);
			runOnlyForDeploymentPostprocessing = 0;
			shellPath = /bin/sh;
			shellScript = "diff \"${PODS_PODFILE_DIR_PATH}/Podfile.lock\" \"${PODS_ROOT}/Manifest.lock\" > /dev/null\nif [ $? != 0 ] ; then\n    # print error to STDERR\n    echo \"error: The sandbox is not in sync with the Podfile.lock. Run 'pod install' or update your CocoaPods installation.\" >&2\n    exit 1\nfi\n";
			showEnvVarsInLog = 0;
		};
		DA540540512933CE1730F687 /* [CP] Embed Pods Frameworks */ = {
			isa = PBXShellScriptBuildPhase;
			buildActionMask = 2147483647;
			files = (
			);
			inputPaths = (
			);
			name = "[CP] Embed Pods Frameworks";
			outputPaths = (
			);
			runOnlyForDeploymentPostprocessing = 0;
			shellPath = /bin/sh;
			shellScript = "\"${SRCROOT}/Pods/Target Support Files/Pods-demoApp/Pods-demoApp-frameworks.sh\"\n";
			showEnvVarsInLog = 0;
		};
/* End PBXShellScriptBuildPhase section */

/* Begin PBXSourcesBuildPhase section */
		ED31734A1FF54666005F105E /* Sources */ = {
			isa = PBXSourcesBuildPhase;
			buildActionMask = 2147483647;
			files = (
				ED3173541FF54666005F105E /* ViewController.swift in Sources */,
				ED3173521FF54666005F105E /* AppDelegate.swift in Sources */,
			);
			runOnlyForDeploymentPostprocessing = 0;
		};
		ED31735E1FF54666005F105E /* Sources */ = {
			isa = PBXSourcesBuildPhase;
			buildActionMask = 2147483647;
			files = (
				ED3173671FF54666005F105E /* demoAppTests.swift in Sources */,
			);
			runOnlyForDeploymentPostprocessing = 0;
		};
		ED3173691FF54666005F105E /* Sources */ = {
			isa = PBXSourcesBuildPhase;
			buildActionMask = 2147483647;
			files = (
				ED3173721FF54666005F105E /* demoAppUITests.swift in Sources */,
			);
			runOnlyForDeploymentPostprocessing = 0;
		};
/* End PBXSourcesBuildPhase section */

/* Begin PBXTargetDependency section */
		ED3173641FF54666005F105E /* PBXTargetDependency */ = {
			isa = PBXTargetDependency;
			target = ED31734D1FF54666005F105E /* demoApp */;
			targetProxy = ED3173631FF54666005F105E /* PBXContainerItemProxy */;
		};
		ED31736F1FF54666005F105E /* PBXTargetDependency */ = {
			isa = PBXTargetDependency;
			target = ED31734D1FF54666005F105E /* demoApp */;
			targetProxy = ED31736E1FF54666005F105E /* PBXContainerItemProxy */;
		};
/* End PBXTargetDependency section */

/* Begin PBXVariantGroup section */
		ED3173551FF54666005F105E /* Main.storyboard */ = {
			isa = PBXVariantGroup;
			children = (
				ED3173561FF54666005F105E /* Base */,
			);
			name = Main.storyboard;
			sourceTree = "<group>";
		};
		ED31735A1FF54666005F105E /* LaunchScreen.storyboard */ = {
			isa = PBXVariantGroup;
			children = (
				ED31735B1FF54666005F105E /* Base */,
			);
			name = LaunchScreen.storyboard;
			sourceTree = "<group>";
		};
/* End PBXVariantGroup section */

/* Begin XCBuildConfiguration section */
		ED3173741FF54666005F105E /* Debug */ = {
			isa = XCBuildConfiguration;
			buildSettings = {
				ALWAYS_SEARCH_USER_PATHS = NO;
				CLANG_ANALYZER_NONNULL = YES;
				CLANG_ANALYZER_NUMBER_OBJECT_CONVERSION = YES_AGGRESSIVE;
				CLANG_CXX_LANGUAGE_STANDARD = "gnu++14";
				CLANG_CXX_LIBRARY = "libc++";
				CLANG_ENABLE_MODULES = YES;
				CLANG_ENABLE_OBJC_ARC = YES;
				CLANG_WARN_BLOCK_CAPTURE_AUTORELEASING = YES;
				CLANG_WARN_BOOL_CONVERSION = YES;
				CLANG_WARN_COMMA = YES;
				CLANG_WARN_CONSTANT_CONVERSION = YES;
				CLANG_WARN_DIRECT_OBJC_ISA_USAGE = YES_ERROR;
				CLANG_WARN_DOCUMENTATION_COMMENTS = YES;
				CLANG_WARN_EMPTY_BODY = YES;
				CLANG_WARN_ENUM_CONVERSION = YES;
				CLANG_WARN_INFINITE_RECURSION = YES;
				CLANG_WARN_INT_CONVERSION = YES;
				CLANG_WARN_NON_LITERAL_NULL_CONVERSION = YES;
				CLANG_WARN_OBJC_LITERAL_CONVERSION = YES;
				CLANG_WARN_OBJC_ROOT_CLASS = YES_ERROR;
				CLANG_WARN_RANGE_LOOP_ANALYSIS = YES;
				CLANG_WARN_STRICT_PROTOTYPES = YES;
				CLANG_WARN_SUSPICIOUS_MOVE = YES;
				CLANG_WARN_UNGUARDED_AVAILABILITY = YES_AGGRESSIVE;
				CLANG_WARN_UNREACHABLE_CODE = YES;
				CLANG_WARN__DUPLICATE_METHOD_MATCH = YES;
				CODE_SIGN_IDENTITY = "iPhone Developer";
				COPY_PHASE_STRIP = NO;
				DEBUG_INFORMATION_FORMAT = dwarf;
				ENABLE_STRICT_OBJC_MSGSEND = YES;
				ENABLE_TESTABILITY = YES;
				GCC_C_LANGUAGE_STANDARD = gnu11;
				GCC_DYNAMIC_NO_PIC = NO;
				GCC_NO_COMMON_BLOCKS = YES;
				GCC_OPTIMIZATION_LEVEL = 0;
				GCC_PREPROCESSOR_DEFINITIONS = (
					"DEBUG=1",
					"$(inherited)",
				);
				GCC_WARN_64_TO_32_BIT_CONVERSION = YES;
				GCC_WARN_ABOUT_RETURN_TYPE = YES_ERROR;
				GCC_WARN_UNDECLARED_SELECTOR = YES;
				GCC_WARN_UNINITIALIZED_AUTOS = YES_AGGRESSIVE;
				GCC_WARN_UNUSED_FUNCTION = YES;
				GCC_WARN_UNUSED_VARIABLE = YES;
				IPHONEOS_DEPLOYMENT_TARGET = 11.0;
				MTL_ENABLE_DEBUG_INFO = YES;
				ONLY_ACTIVE_ARCH = YES;
				SDKROOT = iphoneos;
				SWIFT_ACTIVE_COMPILATION_CONDITIONS = DEBUG;
				SWIFT_OPTIMIZATION_LEVEL = "-Onone";
			};
			name = Debug;
		};
		ED3173751FF54666005F105E /* Release */ = {
			isa = XCBuildConfiguration;
			buildSettings = {
				ALWAYS_SEARCH_USER_PATHS = NO;
				CLANG_ANALYZER_NONNULL = YES;
				CLANG_ANALYZER_NUMBER_OBJECT_CONVERSION = YES_AGGRESSIVE;
				CLANG_CXX_LANGUAGE_STANDARD = "gnu++14";
				CLANG_CXX_LIBRARY = "libc++";
				CLANG_ENABLE_MODULES = YES;
				CLANG_ENABLE_OBJC_ARC = YES;
				CLANG_WARN_BLOCK_CAPTURE_AUTORELEASING = YES;
				CLANG_WARN_BOOL_CONVERSION = YES;
				CLANG_WARN_COMMA = YES;
				CLANG_WARN_CONSTANT_CONVERSION = YES;
				CLANG_WARN_DIRECT_OBJC_ISA_USAGE = YES_ERROR;
				CLANG_WARN_DOCUMENTATION_COMMENTS = YES;
				CLANG_WARN_EMPTY_BODY = YES;
				CLANG_WARN_ENUM_CONVERSION = YES;
				CLANG_WARN_INFINITE_RECURSION = YES;
				CLANG_WARN_INT_CONVERSION = YES;
				CLANG_WARN_NON_LITERAL_NULL_CONVERSION = YES;
				CLANG_WARN_OBJC_LITERAL_CONVERSION = YES;
				CLANG_WARN_OBJC_ROOT_CLASS = YES_ERROR;
				CLANG_WARN_RANGE_LOOP_ANALYSIS = YES;
				CLANG_WARN_STRICT_PROTOTYPES = YES;
				CLANG_WARN_SUSPICIOUS_MOVE = YES;
				CLANG_WARN_UNGUARDED_AVAILABILITY = YES_AGGRESSIVE;
				CLANG_WARN_UNREACHABLE_CODE = YES;
				CLANG_WARN__DUPLICATE_METHOD_MATCH = YES;
				CODE_SIGN_IDENTITY = "iPhone Developer";
				COPY_PHASE_STRIP = NO;
				DEBUG_INFORMATION_FORMAT = "dwarf-with-dsym";
				ENABLE_NS_ASSERTIONS = NO;
				ENABLE_STRICT_OBJC_MSGSEND = YES;
				GCC_C_LANGUAGE_STANDARD = gnu11;
				GCC_NO_COMMON_BLOCKS = YES;
				GCC_WARN_64_TO_32_BIT_CONVERSION = YES;
				GCC_WARN_ABOUT_RETURN_TYPE = YES_ERROR;
				GCC_WARN_UNDECLARED_SELECTOR = YES;
				GCC_WARN_UNINITIALIZED_AUTOS = YES_AGGRESSIVE;
				GCC_WARN_UNUSED_FUNCTION = YES;
				GCC_WARN_UNUSED_VARIABLE = YES;
				IPHONEOS_DEPLOYMENT_TARGET = 11.0;
				MTL_ENABLE_DEBUG_INFO = NO;
				SDKROOT = iphoneos;
				SWIFT_OPTIMIZATION_LEVEL = "-Owholemodule";
				VALIDATE_PRODUCT = YES;
			};
			name = Release;
		};
		ED3173771FF54666005F105E /* Debug */ = {
			isa = XCBuildConfiguration;
			baseConfigurationReference = 8C91A72FAC65374F517D4EFC /* Pods-demoApp.debug.xcconfig */;
			buildSettings = {
				ASSETCATALOG_COMPILER_APPICON_NAME = AppIcon;
				CODE_SIGN_STYLE = Automatic;
				DEVELOPMENT_TEAM = ZR6QDY93JK;
				INFOPLIST_FILE = demoApp/Info.plist;
				LD_RUNPATH_SEARCH_PATHS = "$(inherited) @executable_path/Frameworks";
				PRODUCT_BUNDLE_IDENTIFIER = tuannv.vn.demoApp;
				PRODUCT_NAME = "$(TARGET_NAME)";
				SWIFT_VERSION = 4.0;
				TARGETED_DEVICE_FAMILY = "1,2";
			};
			name = Debug;
		};
		ED3173781FF54666005F105E /* Release */ = {
			isa = XCBuildConfiguration;
			baseConfigurationReference = F577969314E0824864B8598E /* Pods-demoApp.release.xcconfig */;
			buildSettings = {
				ASSETCATALOG_COMPILER_APPICON_NAME = AppIcon;
				CODE_SIGN_STYLE = Automatic;
				DEVELOPMENT_TEAM = ZR6QDY93JK;
				INFOPLIST_FILE = demoApp/Info.plist;
				LD_RUNPATH_SEARCH_PATHS = "$(inherited) @executable_path/Frameworks";
				PRODUCT_BUNDLE_IDENTIFIER = tuannv.vn.demoApp;
				PRODUCT_NAME = "$(TARGET_NAME)";
				SWIFT_VERSION = 4.0;
				TARGETED_DEVICE_FAMILY = "1,2";
			};
			name = Release;
		};
		ED31737A1FF54666005F105E /* Debug */ = {
			isa = XCBuildConfiguration;
			baseConfigurationReference = 852C31D8356DE46258F6BB0B /* Pods-demoAppTests.debug.xcconfig */;
			buildSettings = {
				ALWAYS_EMBED_SWIFT_STANDARD_LIBRARIES = YES;
				BUNDLE_LOADER = "$(TEST_HOST)";
				CODE_SIGN_STYLE = Automatic;
				DEVELOPMENT_TEAM = ZR6QDY93JK;
				INFOPLIST_FILE = demoAppTests/Info.plist;
				LD_RUNPATH_SEARCH_PATHS = "$(inherited) @executable_path/Frameworks @loader_path/Frameworks";
				PRODUCT_BUNDLE_IDENTIFIER = tuannv.vn.demoAppTests;
				PRODUCT_NAME = "$(TARGET_NAME)";
				SWIFT_VERSION = 4.0;
				TARGETED_DEVICE_FAMILY = "1,2";
				TEST_HOST = "$(BUILT_PRODUCTS_DIR)/demoApp.app/demoApp";
			};
			name = Debug;
		};
		ED31737B1FF54666005F105E /* Release */ = {
			isa = XCBuildConfiguration;
			baseConfigurationReference = 5CB737B5DC57B0AEBD10A9B6 /* Pods-demoAppTests.release.xcconfig */;
			buildSettings = {
				ALWAYS_EMBED_SWIFT_STANDARD_LIBRARIES = YES;
				BUNDLE_LOADER = "$(TEST_HOST)";
				CODE_SIGN_STYLE = Automatic;
				DEVELOPMENT_TEAM = ZR6QDY93JK;
				INFOPLIST_FILE = demoAppTests/Info.plist;
				LD_RUNPATH_SEARCH_PATHS = "$(inherited) @executable_path/Frameworks @loader_path/Frameworks";
				PRODUCT_BUNDLE_IDENTIFIER = tuannv.vn.demoAppTests;
				PRODUCT_NAME = "$(TARGET_NAME)";
				SWIFT_VERSION = 4.0;
				TARGETED_DEVICE_FAMILY = "1,2";
				TEST_HOST = "$(BUILT_PRODUCTS_DIR)/demoApp.app/demoApp";
			};
			name = Release;
		};
		ED31737D1FF54666005F105E /* Debug */ = {
			isa = XCBuildConfiguration;
			baseConfigurationReference = 8ACF0C133A3B11CBE8E30B76 /* Pods-demoAppUITests.debug.xcconfig */;
			buildSettings = {
				ALWAYS_EMBED_SWIFT_STANDARD_LIBRARIES = YES;
				CODE_SIGN_STYLE = Automatic;
				DEVELOPMENT_TEAM = ZR6QDY93JK;
				INFOPLIST_FILE = demoAppUITests/Info.plist;
				LD_RUNPATH_SEARCH_PATHS = "$(inherited) @executable_path/Frameworks @loader_path/Frameworks";
				PRODUCT_BUNDLE_IDENTIFIER = tuannv.vn.demoAppUITests;
				PRODUCT_NAME = "$(TARGET_NAME)";
				SWIFT_VERSION = 4.0;
				TARGETED_DEVICE_FAMILY = "1,2";
				TEST_TARGET_NAME = demoApp;
			};
			name = Debug;
		};
		ED31737E1FF54666005F105E /* Release */ = {
			isa = XCBuildConfiguration;
			baseConfigurationReference = 3CDEC3B2054B16D2A3B403F6 /* Pods-demoAppUITests.release.xcconfig */;
			buildSettings = {
				ALWAYS_EMBED_SWIFT_STANDARD_LIBRARIES = YES;
				CODE_SIGN_STYLE = Automatic;
				DEVELOPMENT_TEAM = ZR6QDY93JK;
				INFOPLIST_FILE = demoAppUITests/Info.plist;
				LD_RUNPATH_SEARCH_PATHS = "$(inherited) @executable_path/Frameworks @loader_path/Frameworks";
				PRODUCT_BUNDLE_IDENTIFIER = tuannv.vn.demoAppUITests;
				PRODUCT_NAME = "$(TARGET_NAME)";
				SWIFT_VERSION = 4.0;
				TARGETED_DEVICE_FAMILY = "1,2";
				TEST_TARGET_NAME = demoApp;
			};
			name = Release;
		};
/* End XCBuildConfiguration section */

/* Begin XCConfigurationList section */
		ED3173491FF54666005F105E /* Build configuration list for PBXProject "demoApp" */ = {
			isa = XCConfigurationList;
			buildConfigurations = (
				ED3173741FF54666005F105E /* Debug */,
				ED3173751FF54666005F105E /* Release */,
			);
			defaultConfigurationIsVisible = 0;
			defaultConfigurationName = Release;
		};
		ED3173761FF54666005F105E /* Build configuration list for PBXNativeTarget "demoApp" */ = {
			isa = XCConfigurationList;
			buildConfigurations = (
				ED3173771FF54666005F105E /* Debug */,
				ED3173781FF54666005F105E /* Release */,
			);
			defaultConfigurationIsVisible = 0;
			defaultConfigurationName = Release;
		};
		ED3173791FF54666005F105E /* Build configuration list for PBXNativeTarget "demoAppTests" */ = {
			isa = XCConfigurationList;
			buildConfigurations = (
				ED31737A1FF54666005F105E /* Debug */,
				ED31737B1FF54666005F105E /* Release */,
			);
			defaultConfigurationIsVisible = 0;
			defaultConfigurationName = Release;
		};
		ED31737C1FF54666005F105E /* Build configuration list for PBXNativeTarget "demoAppUITests" */ = {
			isa = XCConfigurationList;
			buildConfigurations = (
				ED31737D1FF54666005F105E /* Debug */,
				ED31737E1FF54666005F105E /* Release */,
			);
			defaultConfigurationIsVisible = 0;
			defaultConfigurationName = Release;
		};
/* End XCConfigurationList section */
	};
	rootObject = ED3173461FF54666005F105E /* Project object */;
}
